
Microsoft Visual Studio Solution File, Format Version 12.00
# Visual Studio Version 16
VisualStudioVersion = 16.0.31112.23
MinimumVisualStudioVersion = 10.0.40219.1
Project("{FAE04EC0-301F-11D3-BF4B-00C04F79EFBC}") = "View_PBL4", "View_PBL4\View_PBL4.csproj", "{0D5CA821-C637-4760-A61F-9F154F27D6C9}"
EndProject
Global
	GlobalSection(SolutionConfigurationPlatforms) = preSolution
		Debug|Any CPU = Debug|Any CPU
		Release|Any CPU = Release|Any CPU
	EndGlobalSection
	GlobalSection(ProjectConfigurationPlatforms) = postSolution
		{0D5CA821-C637-4760-A61F-9F154F27D6C9}.Debug|Any CPU.ActiveCfg = Debug|Any CPU
		{0D5CA821-C637-4760-A61F-9F154F27D6C9}.Debug|Any CPU.Build.0 = Debug|Any CPU
		{0D5CA821-C637-4760-A61F-9F154F27D6C9}.Release|Any CPU.ActiveCfg = Release|Any CPU
		{0D5CA821-C637-4760-A61F-9F154F27D6C9}.Release|Any CPU.Build.0 = Release|Any CPU
	EndGlobalSection
	GlobalSection(SolutionProperties) = preSolution
		HideSolutionNode = FALSE
	EndGlobalSection
	GlobalSection(ExtensibilityGlobals) = postSolution
		SolutionGuid = {48ABBB29-3D2D-4E45-BB78-5EE65424C8A7}
	EndGlobalSection
EndGlobal
